{
  "name": "gcweb-compiled",
  "version": "9.3.0",
  "lockfileVersion": 3,
  "requires": true,
  "packages": {
    "": {
      "name": "gcweb-compiled",
      "version": "9.3.0",
      "license": "MIT",
      "dependencies": {
        "gcweb-compiled": "file:"
      }
    },
    "node_modules/gcweb-compiled": {
      "resolved": "",
      "link": true
    }
  }
}
