
Microsoft Visual Studio Solution File, Format Version 12.00
# Visual Studio Version 16
VisualStudioVersion = 16.0.30114.105
MinimumVisualStudioVersion = 10.0.40219.1
Project("{FAE04EC0-301F-11D3-BF4B-00C04F79EFBC}") = "MLConfiguration", "MLConfiguration\MLConfiguration.csproj", "{56E63E6D-35E9-48B5-A549-1321610F197A}"
EndProject
Project("{FAE04EC0-301F-11D3-BF4B-00C04F79EFBC}") = "MLEventHandler", "MLEventHandler\MLEventHandler.csproj", "{EE744E11-B9BA-44C0-A011-59000AA8B32F}"
EndProject
Project("{D954291E-2A0B-460D-934E-DC6B0785DB48}") = "MLShared", "MLShared\MLShared.shproj", "{E886F345-9821-4E48-9BC5-6E99B3509674}"
EndProject
Global
	GlobalSection(SharedMSBuildProjectFiles) = preSolution
		MLShared\MLShared.projitems*{56e63e6d-35e9-48b5-a549-1321610f197a}*SharedItemsImports = 4
		MLShared\MLShared.projitems*{e886f345-9821-4e48-9bc5-6e99b3509674}*SharedItemsImports = 13
		MLShared\MLShared.projitems*{ee744e11-b9ba-44c0-a011-59000aa8b32f}*SharedItemsImports = 4
	EndGlobalSection
	GlobalSection(SolutionConfigurationPlatforms) = preSolution
		Debug|Any CPU = Debug|Any CPU
		Release|Any CPU = Release|Any CPU
	EndGlobalSection
	GlobalSection(ProjectConfigurationPlatforms) = postSolution
		{56E63E6D-35E9-48B5-A549-1321610F197A}.Debug|Any CPU.ActiveCfg = Debug|Any CPU
		{56E63E6D-35E9-48B5-A549-1321610F197A}.Debug|Any CPU.Build.0 = Debug|Any CPU
		{56E63E6D-35E9-48B5-A549-1321610F197A}.Release|Any CPU.ActiveCfg = Release|Any CPU
		{56E63E6D-35E9-48B5-A549-1321610F197A}.Release|Any CPU.Build.0 = Release|Any CPU
		{EE744E11-B9BA-44C0-A011-59000AA8B32F}.Debug|Any CPU.ActiveCfg = Debug|Any CPU
		{EE744E11-B9BA-44C0-A011-59000AA8B32F}.Debug|Any CPU.Build.0 = Debug|Any CPU
		{EE744E11-B9BA-44C0-A011-59000AA8B32F}.Release|Any CPU.ActiveCfg = Release|Any CPU
		{EE744E11-B9BA-44C0-A011-59000AA8B32F}.Release|Any CPU.Build.0 = Release|Any CPU
	EndGlobalSection
	GlobalSection(SolutionProperties) = preSolution
		HideSolutionNode = FALSE
	EndGlobalSection
	GlobalSection(ExtensibilityGlobals) = postSolution
		SolutionGuid = {0FDD702E-D9B2-4382-9A5F-1FBE9A317DBD}
	EndGlobalSection
EndGlobal
